
Microsoft Visual Studio Solution File, Format Version 12.00
# Visual Studio Version 17
VisualStudioVersion = 17.10.35122.118
MinimumVisualStudioVersion = 10.0.40219.1
Project("{FAE04EC0-301F-11D3-BF4B-00C04F79EFBC}") = "FileCopyService", "FileCopyService\FileCopyService.csproj", "{CBE94DBE-F965-40B5-847C-196AB35CBFB1}"
EndProject
Global
	GlobalSection(SolutionConfigurationPlatforms) = preSolution
		Debug|Any CPU = Debug|Any CPU
		Release|Any CPU = Release|Any CPU
	EndGlobalSection
	GlobalSection(ProjectConfigurationPlatforms) = postSolution
		{CBE94DBE-F965-40B5-847C-196AB35CBFB1}.Debug|Any CPU.ActiveCfg = Debug|Any CPU
		{CBE94DBE-F965-40B5-847C-196AB35CBFB1}.Debug|Any CPU.Build.0 = Debug|Any CPU
		{CBE94DBE-F965-40B5-847C-196AB35CBFB1}.Release|Any CPU.ActiveCfg = Release|Any CPU
		{CBE94DBE-F965-40B5-847C-196AB35CBFB1}.Release|Any CPU.Build.0 = Release|Any CPU
	EndGlobalSection
	GlobalSection(SolutionProperties) = preSolution
		HideSolutionNode = FALSE
	EndGlobalSection
	GlobalSection(ExtensibilityGlobals) = postSolution
		SolutionGuid = {93EE8925-3DA1-453E-A922-04B330723D8C}
	EndGlobalSection
EndGlobal
